
Microsoft Visual Studio Solution File, Format Version 12.00
# Visual Studio Version 16
VisualStudioVersion = 16.0.31702.278
MinimumVisualStudioVersion = 10.0.40219.1
Project("{9A19103F-16F7-4668-BE54-9A1E7A4F7556}") = "ChessGame", "version4\ChessGame.csproj", "{E52F620C-DC38-4BE7-8824-3BE487D3C30C}"
EndProject
Global
	GlobalSection(SolutionConfigurationPlatforms) = preSolution
		Debug|Any CPU = Debug|Any CPU
		Release|Any CPU = Release|Any CPU
	EndGlobalSection
	GlobalSection(ProjectConfigurationPlatforms) = postSolution
		{E52F620C-DC38-4BE7-8824-3BE487D3C30C}.Debug|Any CPU.ActiveCfg = Debug|Any CPU
		{E52F620C-DC38-4BE7-8824-3BE487D3C30C}.Debug|Any CPU.Build.0 = Debug|Any CPU
		{E52F620C-DC38-4BE7-8824-3BE487D3C30C}.Release|Any CPU.ActiveCfg = Release|Any CPU
		{E52F620C-DC38-4BE7-8824-3BE487D3C30C}.Release|Any CPU.Build.0 = Release|Any CPU
	EndGlobalSection
	GlobalSection(SolutionProperties) = preSolution
		HideSolutionNode = FALSE
	EndGlobalSection
	GlobalSection(ExtensibilityGlobals) = postSolution
		SolutionGuid = {39481CC2-02FD-4471-8B7D-7B9C40B6C6C2}
	EndGlobalSection
EndGlobal
